// !$*UTF8*$!
{
	archiveVersion = 1;
	classes = {
	};
	objectVersion = 50;
	objects = {

/* Begin PBXBuildFile section */
		35A022C3263C92BB000535D0 /* AppDelegate.swift in Sources */ = {isa = PBXBuildFile; fileRef = 35A022C2263C92BB000535D0 /* AppDelegate.swift */; };
		35A022C5263C92BB000535D0 /* SceneDelegate.swift in Sources */ = {isa = PBXBuildFile; fileRef = 35A022C4263C92BB000535D0 /* SceneDelegate.swift */; };
		35A022CA263C92BB000535D0 /* Main.storyboard in Resources */ = {isa = PBXBuildFile; fileRef = 35A022C8263C92BB000535D0 /* Main.storyboard */; };
		35A022CC263C92BC000535D0 /* Assets.xcassets in Resources */ = {isa = PBXBuildFile; fileRef = 35A022CB263C92BC000535D0 /* Assets.xcassets */; };
		35A022CF263C92BC000535D0 /* LaunchScreen.storyboard in Resources */ = {isa = PBXBuildFile; fileRef = 35A022CD263C92BC000535D0 /* LaunchScreen.storyboard */; };
		35CD7EA126417CF000724B33 /* HomeCollectionViewController.swift in Sources */ = {isa = PBXBuildFile; fileRef = 35CD7EA026417CF000724B33 /* HomeCollectionViewController.swift */; };
		35CD7EA326417CF900724B33 /* HabitCollectionViewController.swift in Sources */ = {isa = PBXBuildFile; fileRef = 35CD7EA226417CF900724B33 /* HabitCollectionViewController.swift */; };
		35CD7EA526417CFF00724B33 /* UserCollectionViewController.swift in Sources */ = {isa = PBXBuildFile; fileRef = 35CD7EA426417CFF00724B33 /* UserCollectionViewController.swift */; };
		35CD7EA726417D0A00724B33 /* LogHabitCollectionViewController.swift in Sources */ = {isa = PBXBuildFile; fileRef = 35CD7EA626417D0A00724B33 /* LogHabitCollectionViewController.swift */; };
		35CD7EA926417DC700724B33 /* HabitDetailViewController.swift in Sources */ = {isa = PBXBuildFile; fileRef = 35CD7EA826417DC700724B33 /* HabitDetailViewController.swift */; };
		35CD7EAB26417DD500724B33 /* UserDetailViewController.swift in Sources */ = {isa = PBXBuildFile; fileRef = 35CD7EAA26417DD500724B33 /* UserDetailViewController.swift */; };
/* End PBXBuildFile section */

/* Begin PBXFileReference section */
		35A022BF263C92BB000535D0 /* Habits.app */ = {isa = PBXFileReference; explicitFileType = wrapper.application; includeInIndex = 0; path = Habits.app; sourceTree = BUILT_PRODUCTS_DIR; };
		35A022C2263C92BB000535D0 /* AppDelegate.swift */ = {isa = PBXFileReference; lastKnownFileType = sourcecode.swift; path = AppDelegate.swift; sourceTree = "<group>"; };
		35A022C4263C92BB000535D0 /* SceneDelegate.swift */ = {isa = PBXFileReference; lastKnownFileType = sourcecode.swift; path = SceneDelegate.swift; sourceTree = "<group>"; };
		35A022C9263C92BB000535D0 /* Base */ = {isa = PBXFileReference; lastKnownFileType = file.storyboard; name = Base; path = Base.lproj/Main.storyboard; sourceTree = "<group>"; };
		35A022CB263C92BC000535D0 /* Assets.xcassets */ = {isa = PBXFileReference; lastKnownFileType = folder.assetcatalog; path = Assets.xcassets; sourceTree = "<group>"; };
		35A022CE263C92BC000535D0 /* Base */ = {isa = PBXFileReference; lastKnownFileType = file.storyboard; name = Base; path = Base.lproj/LaunchScreen.storyboard; sourceTree = "<group>"; };
		35A022D0263C92BC000535D0 /* Info.plist */ = {isa = PBXFileReference; lastKnownFileType = text.plist.xml; path = Info.plist; sourceTree = "<group>"; };
		35CD7EA026417CF000724B33 /* HomeCollectionViewController.swift */ = {isa = PBXFileReference; lastKnownFileType = sourcecode.swift; path = HomeCollectionViewController.swift; sourceTree = "<group>"; };
		35CD7EA226417CF900724B33 /* HabitCollectionViewController.swift */ = {isa = PBXFileReference; lastKnownFileType = sourcecode.swift; path = HabitCollectionViewController.swift; sourceTree = "<group>"; };
		35CD7EA426417CFF00724B33 /* UserCollectionViewController.swift */ = {isa = PBXFileReference; lastKnownFileType = sourcecode.swift; path = UserCollectionViewController.swift; sourceTree = "<group>"; };
		35CD7EA626417D0A00724B33 /* LogHabitCollectionViewController.swift */ = {isa = PBXFileReference; lastKnownFileType = sourcecode.swift; path = LogHabitCollectionViewController.swift; sourceTree = "<group>"; };
		35CD7EA826417DC700724B33 /* HabitDetailViewController.swift */ = {isa = PBXFileReference; lastKnownFileType = sourcecode.swift; path = HabitDetailViewController.swift; sourceTree = "<group>"; };
		35CD7EAA26417DD500724B33 /* UserDetailViewController.swift */ = {isa = PBXFileReference; lastKnownFileType = sourcecode.swift; path = UserDetailViewController.swift; sourceTree = "<group>"; };
/* End PBXFileReference section */

/* Begin PBXFrameworksBuildPhase section */
		35A022BC263C92BB000535D0 /* Frameworks */ = {
			isa = PBXFrameworksBuildPhase;
			buildActionMask = 2147483647;
			files = (
			);
			runOnlyForDeploymentPostprocessing = 0;
		};
/* End PBXFrameworksBuildPhase section */

/* Begin PBXGroup section */
		35A022B6263C92BB000535D0 = {
			isa = PBXGroup;
			children = (
				35A022C1263C92BB000535D0 /* Habits */,
				35A022C0263C92BB000535D0 /* Products */,
			);
			sourceTree = "<group>";
		};
		35A022C0263C92BB000535D0 /* Products */ = {
			isa = PBXGroup;
			children = (
				35A022BF263C92BB000535D0 /* Habits.app */,
			);
			name = Products;
			sourceTree = "<group>";
		};
		35A022C1263C92BB000535D0 /* Habits */ = {
			isa = PBXGroup;
			children = (
				35A022C2263C92BB000535D0 /* AppDelegate.swift */,
				35A022C4263C92BB000535D0 /* SceneDelegate.swift */,
				35CD7EAC26417EAE00724B33 /* Controllers */,
				35A022CB263C92BC000535D0 /* Assets.xcassets */,
				35A022C8263C92BB000535D0 /* Main.storyboard */,
				35A022CD263C92BC000535D0 /* LaunchScreen.storyboard */,
				35A022D0263C92BC000535D0 /* Info.plist */,
			);
			path = Habits;
			sourceTree = "<group>";
		};
		35CD7EAC26417EAE00724B33 /* Controllers */ = {
			isa = PBXGroup;
			children = (
				35CD7EA026417CF000724B33 /* HomeCollectionViewController.swift */,
				35CD7EA226417CF900724B33 /* HabitCollectionViewController.swift */,
				35CD7EA426417CFF00724B33 /* UserCollectionViewController.swift */,
				35CD7EA626417D0A00724B33 /* LogHabitCollectionViewController.swift */,
				35CD7EA826417DC700724B33 /* HabitDetailViewController.swift */,
				35CD7EAA26417DD500724B33 /* UserDetailViewController.swift */,
			);
			path = Controllers;
			sourceTree = "<group>";
		};
/* End PBXGroup section */

/* Begin PBXNativeTarget section */
		35A022BE263C92BB000535D0 /* Habits */ = {
			isa = PBXNativeTarget;
			buildConfigurationList = 35A022D3263C92BC000535D0 /* Build configuration list for PBXNativeTarget "Habits" */;
			buildPhases = (
				35A022BB263C92BB000535D0 /* Sources */,
				35A022BC263C92BB000535D0 /* Frameworks */,
				35A022BD263C92BB000535D0 /* Resources */,
			);
			buildRules = (
			);
			dependencies = (
			);
			name = Habits;
			productName = Habits;
			productReference = 35A022BF263C92BB000535D0 /* Habits.app */;
			productType = "com.apple.product-type.application";
		};
/* End PBXNativeTarget section */

/* Begin PBXProject section */
		35A022B7263C92BB000535D0 /* Project object */ = {
			isa = PBXProject;
			attributes = {
				LastSwiftUpdateCheck = 1250;
				LastUpgradeCheck = 1250;
				TargetAttributes = {
					35A022BE263C92BB000535D0 = {
						CreatedOnToolsVersion = 12.5;
					};
				};
			};
			buildConfigurationList = 35A022BA263C92BB000535D0 /* Build configuration list for PBXProject "Habits" */;
			compatibilityVersion = "Xcode 9.3";
			developmentRegion = en;
			hasScannedForEncodings = 0;
			knownRegions = (
				en,
				Base,
			);
			mainGroup = 35A022B6263C92BB000535D0;
			productRefGroup = 35A022C0263C92BB000535D0 /* Products */;
			projectDirPath = "";
			projectRoot = "";
			targets = (
				35A022BE263C92BB000535D0 /* Habits */,
			);
		};
/* End PBXProject section */

/* Begin PBXResourcesBuildPhase section */
		35A022BD263C92BB000535D0 /* Resources */ = {
			isa = PBXResourcesBuildPhase;
			buildActionMask = 2147483647;
			files = (
				35A022CF263C92BC000535D0 /* LaunchScreen.storyboard in Resources */,
				35A022CC263C92BC000535D0 /* Assets.xcassets in Resources */,
				35A022CA263C92BB000535D0 /* Main.storyboard in Resources */,
			);
			runOnlyForDeploymentPostprocessing = 0;
		};
/* End PBXResourcesBuildPhase section */

/* Begin PBXSourcesBuildPhase section */
		35A022BB263C92BB000535D0 /* Sources */ = {
			isa = PBXSourcesBuildPhase;
			buildActionMask = 2147483647;
			files = (
				35CD7EA726417D0A00724B33 /* LogHabitCollectionViewController.swift in Sources */,
				35CD7EA126417CF000724B33 /* HomeCollectionViewController.swift in Sources */,
				35CD7EAB26417DD500724B33 /* UserDetailViewController.swift in Sources */,
				35CD7EA326417CF900724B33 /* HabitCollectionViewController.swift in Sources */,
				35A022C3263C92BB000535D0 /* AppDelegate.swift in Sources */,
				35A022C5263C92BB000535D0 /* SceneDelegate.swift in Sources */,
				35CD7EA926417DC700724B33 /* HabitDetailViewController.swift in Sources */,
				35CD7EA526417CFF00724B33 /* UserCollectionViewController.swift in Sources */,
			);
			runOnlyForDeploymentPostprocessing = 0;
		};
/* End PBXSourcesBuildPhase section */

/* Begin PBXVariantGroup section */
		35A022C8263C92BB000535D0 /* Main.storyboard */ = {
			isa = PBXVariantGroup;
			children = (
				35A022C9263C92BB000535D0 /* Base */,
			);
			name = Main.storyboard;
			sourceTree = "<group>";
		};
		35A022CD263C92BC000535D0 /* LaunchScreen.storyboard */ = {
			isa = PBXVariantGroup;
			children = (
				35A022CE263C92BC000535D0 /* Base */,
			);
			name = LaunchScreen.storyboard;
			sourceTree = "<group>";
		};
/* End PBXVariantGroup section */

/* Begin XCBuildConfiguration section */
		35A022D1263C92BC000535D0 /* Debug */ = {
			isa = XCBuildConfiguration;
			buildSettings = {
				ALWAYS_SEARCH_USER_PATHS = NO;
				CLANG_ANALYZER_NONNULL = YES;
				CLANG_ANALYZER_NUMBER_OBJECT_CONVERSION = YES_AGGRESSIVE;
				CLANG_CXX_LANGUAGE_STANDARD = "gnu++14";
				CLANG_CXX_LIBRARY = "libc++";
				CLANG_ENABLE_MODULES = YES;
				CLANG_ENABLE_OBJC_ARC = YES;
				CLANG_ENABLE_OBJC_WEAK = YES;
				CLANG_WARN_BLOCK_CAPTURE_AUTORELEASING = YES;
				CLANG_WARN_BOOL_CONVERSION = YES;
				CLANG_WARN_COMMA = YES;
				CLANG_WARN_CONSTANT_CONVERSION = YES;
				CLANG_WARN_DEPRECATED_OBJC_IMPLEMENTATIONS = YES;
				CLANG_WARN_DIRECT_OBJC_ISA_USAGE = YES_ERROR;
				CLANG_WARN_DOCUMENTATION_COMMENTS = YES;
				CLANG_WARN_EMPTY_BODY = YES;
				CLANG_WARN_ENUM_CONVERSION = YES;
				CLANG_WARN_INFINITE_RECURSION = YES;
				CLANG_WARN_INT_CONVERSION = YES;
				CLANG_WARN_NON_LITERAL_NULL_CONVERSION = YES;
				CLANG_WARN_OBJC_IMPLICIT_RETAIN_SELF = YES;
				CLANG_WARN_OBJC_LITERAL_CONVERSION = YES;
				CLANG_WARN_OBJC_ROOT_CLASS = YES_ERROR;
				CLANG_WARN_QUOTED_INCLUDE_IN_FRAMEWORK_HEADER = YES;
				CLANG_WARN_RANGE_LOOP_ANALYSIS = YES;
				CLANG_WARN_STRICT_PROTOTYPES = YES;
				CLANG_WARN_SUSPICIOUS_MOVE = YES;
				CLANG_WARN_UNGUARDED_AVAILABILITY = YES_AGGRESSIVE;
				CLANG_WARN_UNREACHABLE_CODE = YES;
				CLANG_WARN__DUPLICATE_METHOD_MATCH = YES;
				COPY_PHASE_STRIP = NO;
				DEBUG_INFORMATION_FORMAT = dwarf;
				ENABLE_STRICT_OBJC_MSGSEND = YES;
				ENABLE_TESTABILITY = YES;
				GCC_C_LANGUAGE_STANDARD = gnu11;
				GCC_DYNAMIC_NO_PIC = NO;
				GCC_NO_COMMON_BLOCKS = YES;
				GCC_OPTIMIZATION_LEVEL = 0;
				GCC_PREPROCESSOR_DEFINITIONS = (
					"DEBUG=1",
					"$(inherited)",
				);
				GCC_WARN_64_TO_32_BIT_CONVERSION = YES;
				GCC_WARN_ABOUT_RETURN_TYPE = YES_ERROR;
				GCC_WARN_UNDECLARED_SELECTOR = YES;
				GCC_WARN_UNINITIALIZED_AUTOS = YES_AGGRESSIVE;
				GCC_WARN_UNUSED_FUNCTION = YES;
				GCC_WARN_UNUSED_VARIABLE = YES;
				IPHONEOS_DEPLOYMENT_TARGET = 14.5;
				MTL_ENABLE_DEBUG_INFO = INCLUDE_SOURCE;
				MTL_FAST_MATH = YES;
				ONLY_ACTIVE_ARCH = YES;
				SDKROOT = iphoneos;
				SWIFT_ACTIVE_COMPILATION_CONDITIONS = DEBUG;
				SWIFT_OPTIMIZATION_LEVEL = "-Onone";
			};
			name = Debug;
		};
		35A022D2263C92BC000535D0 /* Release */ = {
			isa = XCBuildConfiguration;
			buildSettings = {
				ALWAYS_SEARCH_USER_PATHS = NO;
				CLANG_ANALYZER_NONNULL = YES;
				CLANG_ANALYZER_NUMBER_OBJECT_CONVERSION = YES_AGGRESSIVE;
				CLANG_CXX_LANGUAGE_STANDARD = "gnu++14";
				CLANG_CXX_LIBRARY = "libc++";
				CLANG_ENABLE_MODULES = YES;
				CLANG_ENABLE_OBJC_ARC = YES;
				CLANG_ENABLE_OBJC_WEAK = YES;
				CLANG_WARN_BLOCK_CAPTURE_AUTORELEASING = YES;
				CLANG_WARN_BOOL_CONVERSION = YES;
				CLANG_WARN_COMMA = YES;
				CLANG_WARN_CONSTANT_CONVERSION = YES;
				CLANG_WARN_DEPRECATED_OBJC_IMPLEMENTATIONS = YES;
				CLANG_WARN_DIRECT_OBJC_ISA_USAGE = YES_ERROR;
				CLANG_WARN_DOCUMENTATION_COMMENTS = YES;
				CLANG_WARN_EMPTY_BODY = YES;
				CLANG_WARN_ENUM_CONVERSION = YES;
				CLANG_WARN_INFINITE_RECURSION = YES;
				CLANG_WARN_INT_CONVERSION = YES;
				CLANG_WARN_NON_LITERAL_NULL_CONVERSION = YES;
				CLANG_WARN_OBJC_IMPLICIT_RETAIN_SELF = YES;
				CLANG_WARN_OBJC_LITERAL_CONVERSION = YES;
				CLANG_WARN_OBJC_ROOT_CLASS = YES_ERROR;
				CLANG_WARN_QUOTED_INCLUDE_IN_FRAMEWORK_HEADER = YES;
				CLANG_WARN_RANGE_LOOP_ANALYSIS = YES;
				CLANG_WARN_STRICT_PROTOTYPES = YES;
				CLANG_WARN_SUSPICIOUS_MOVE = YES;
				CLANG_WARN_UNGUARDED_AVAILABILITY = YES_AGGRESSIVE;
				CLANG_WARN_UNREACHABLE_CODE = YES;
				CLANG_WARN__DUPLICATE_METHOD_MATCH = YES;
				COPY_PHASE_STRIP = NO;
				DEBUG_INFORMATION_FORMAT = "dwarf-with-dsym";
				ENABLE_NS_ASSERTIONS = NO;
				ENABLE_STRICT_OBJC_MSGSEND = YES;
				GCC_C_LANGUAGE_STANDARD = gnu11;
				GCC_NO_COMMON_BLOCKS = YES;
				GCC_WARN_64_TO_32_BIT_CONVERSION = YES;
				GCC_WARN_ABOUT_RETURN_TYPE = YES_ERROR;
				GCC_WARN_UNDECLARED_SELECTOR = YES;
				GCC_WARN_UNINITIALIZED_AUTOS = YES_AGGRESSIVE;
				GCC_WARN_UNUSED_FUNCTION = YES;
				GCC_WARN_UNUSED_VARIABLE = YES;
				IPHONEOS_DEPLOYMENT_TARGET = 14.5;
				MTL_ENABLE_DEBUG_INFO = NO;
				MTL_FAST_MATH = YES;
				SDKROOT = iphoneos;
				SWIFT_COMPILATION_MODE = wholemodule;
				SWIFT_OPTIMIZATION_LEVEL = "-O";
				VALIDATE_PRODUCT = YES;
			};
			name = Release;
		};
		35A022D4263C92BC000535D0 /* Debug */ = {
			isa = XCBuildConfiguration;
			buildSettings = {
				ASSETCATALOG_COMPILER_APPICON_NAME = AppIcon;
				ASSETCATALOG_COMPILER_GLOBAL_ACCENT_COLOR_NAME = AccentColor;
				CODE_SIGN_STYLE = Automatic;
				DEVELOPMENT_TEAM = 36JR7N2LBE;
				INFOPLIST_FILE = Habits/Info.plist;
				LD_RUNPATH_SEARCH_PATHS = (
					"$(inherited)",
					"@executable_path/Frameworks",
				);
				PRODUCT_BUNDLE_IDENTIFIER = reshetnikd.Habits;
				PRODUCT_NAME = "$(TARGET_NAME)";
				SWIFT_VERSION = 5.0;
				TARGETED_DEVICE_FAMILY = "1,2";
			};
			name = Debug;
		};
		35A022D5263C92BC000535D0 /* Release */ = {
			isa = XCBuildConfiguration;
			buildSettings = {
				ASSETCATALOG_COMPILER_APPICON_NAME = AppIcon;
				ASSETCATALOG_COMPILER_GLOBAL_ACCENT_COLOR_NAME = AccentColor;
				CODE_SIGN_STYLE = Automatic;
				DEVELOPMENT_TEAM = 36JR7N2LBE;
				INFOPLIST_FILE = Habits/Info.plist;
				LD_RUNPATH_SEARCH_PATHS = (
					"$(inherited)",
					"@executable_path/Frameworks",
				);
				PRODUCT_BUNDLE_IDENTIFIER = reshetnikd.Habits;
				PRODUCT_NAME = "$(TARGET_NAME)";
				SWIFT_VERSION = 5.0;
				TARGETED_DEVICE_FAMILY = "1,2";
			};
			name = Release;
		};
/* End XCBuildConfiguration section */

/* Begin XCConfigurationList section */
		35A022BA263C92BB000535D0 /* Build configuration list for PBXProject "Habits" */ = {
			isa = XCConfigurationList;
			buildConfigurations = (
				35A022D1263C92BC000535D0 /* Debug */,
				35A022D2263C92BC000535D0 /* Release */,
			);
			defaultConfigurationIsVisible = 0;
			defaultConfigurationName = Release;
		};
		35A022D3263C92BC000535D0 /* Build configuration list for PBXNativeTarget "Habits" */ = {
			isa = XCConfigurationList;
			buildConfigurations = (
				35A022D4263C92BC000535D0 /* Debug */,
				35A022D5263C92BC000535D0 /* Release */,
			);
			defaultConfigurationIsVisible = 0;
			defaultConfigurationName = Release;
		};
/* End XCConfigurationList section */
	};
	rootObject = 35A022B7263C92BB000535D0 /* Project object */;
}
